
Microsoft Visual Studio Solution File, Format Version 12.00
# Visual Studio Version 16
VisualStudioVersion = 25.0.1705.7
MinimumVisualStudioVersion = 10.0.40219.1
Project("{FAE04EC0-301F-11D3-BF4B-00C04F79EFBC}") = "Maui.Android.HoverView", "Maui.Android.HoverView\Maui.Android.HoverView.csproj", "{EFDDE9F3-5A91-4F8C-AF75-C403C5BAF7AC}"
EndProject
Global
	GlobalSection(SolutionConfigurationPlatforms) = preSolution
		Debug|Any CPU = Debug|Any CPU
		Release|Any CPU = Release|Any CPU
	EndGlobalSection
	GlobalSection(ProjectConfigurationPlatforms) = postSolution
		{EFDDE9F3-5A91-4F8C-AF75-C403C5BAF7AC}.Debug|Any CPU.ActiveCfg = Debug|Any CPU
		{EFDDE9F3-5A91-4F8C-AF75-C403C5BAF7AC}.Debug|Any CPU.Build.0 = Debug|Any CPU
		{EFDDE9F3-5A91-4F8C-AF75-C403C5BAF7AC}.Release|Any CPU.ActiveCfg = Release|Any CPU
		{EFDDE9F3-5A91-4F8C-AF75-C403C5BAF7AC}.Release|Any CPU.Build.0 = Release|Any CPU
	EndGlobalSection
	GlobalSection(SolutionProperties) = preSolution
		HideSolutionNode = FALSE
	EndGlobalSection
	GlobalSection(ExtensibilityGlobals) = postSolution
		SolutionGuid = {4C9D4DCB-910B-447E-8F7B-244A1DDC84A2}
	EndGlobalSection
EndGlobal
